// !$*UTF8*$!
{
	archiveVersion = 1;
	classes = {
	};
	objectVersion = 56;
	objects = {

/* Begin PBXBuildFile section */
		E25319172C2C314C00270AEC /* AppDelegate.swift in Sources */ = {isa = PBXBuildFile; fileRef = E25319162C2C314C00270AEC /* AppDelegate.swift */; };
		E25319192C2C314C00270AEC /* SceneDelegate.swift in Sources */ = {isa = PBXBuildFile; fileRef = E25319182C2C314C00270AEC /* SceneDelegate.swift */; };
		E253191B2C2C314C00270AEC /* ToDoListViewController.swift in Sources */ = {isa = PBXBuildFile; fileRef = E253191A2C2C314C00270AEC /* ToDoListViewController.swift */; };
		E25319202C2C314E00270AEC /* Assets.xcassets in Resources */ = {isa = PBXBuildFile; fileRef = E253191F2C2C314E00270AEC /* Assets.xcassets */; };
		E25319232C2C314E00270AEC /* Base in Resources */ = {isa = PBXBuildFile; fileRef = E25319222C2C314E00270AEC /* Base */; };
		E25319312C2C68D100270AEC /* Tasks.xcdatamodeld in Sources */ = {isa = PBXBuildFile; fileRef = E253192F2C2C68D100270AEC /* Tasks.xcdatamodeld */; };
		E25319332C2C80EE00270AEC /* TaskViewModel.swift in Sources */ = {isa = PBXBuildFile; fileRef = E25319322C2C80EE00270AEC /* TaskViewModel.swift */; };
		E25319352C2C87D500270AEC /* TaskListViewModel.swift in Sources */ = {isa = PBXBuildFile; fileRef = E25319342C2C87D500270AEC /* TaskListViewModel.swift */; };
		E25319372C2C982C00270AEC /* AddNewTaskViewModel.swift in Sources */ = {isa = PBXBuildFile; fileRef = E25319362C2C982C00270AEC /* AddNewTaskViewModel.swift */; };
		E25319392C2D233B00270AEC /* CoreDataManager.swift in Sources */ = {isa = PBXBuildFile; fileRef = E25319382C2D233B00270AEC /* CoreDataManager.swift */; };
		E253193B2C2D835B00270AEC /* AddNewTaskViewController.swift in Sources */ = {isa = PBXBuildFile; fileRef = E253193A2C2D835B00270AEC /* AddNewTaskViewController.swift */; };
		E253193D2C2DCF7400270AEC /* ToDoTableViewCell.swift in Sources */ = {isa = PBXBuildFile; fileRef = E253193C2C2DCF7400270AEC /* ToDoTableViewCell.swift */; };
		E253193F2C2E014500270AEC /* SummaryTableViewCell.swift in Sources */ = {isa = PBXBuildFile; fileRef = E253193E2C2E014500270AEC /* SummaryTableViewCell.swift */; };
/* End PBXBuildFile section */

/* Begin PBXFileReference section */
		E25319132C2C314C00270AEC /* TaskManager.app */ = {isa = PBXFileReference; explicitFileType = wrapper.application; includeInIndex = 0; path = TaskManager.app; sourceTree = BUILT_PRODUCTS_DIR; };
		E25319162C2C314C00270AEC /* AppDelegate.swift */ = {isa = PBXFileReference; lastKnownFileType = sourcecode.swift; path = AppDelegate.swift; sourceTree = "<group>"; };
		E25319182C2C314C00270AEC /* SceneDelegate.swift */ = {isa = PBXFileReference; lastKnownFileType = sourcecode.swift; path = SceneDelegate.swift; sourceTree = "<group>"; };
		E253191A2C2C314C00270AEC /* ToDoListViewController.swift */ = {isa = PBXFileReference; lastKnownFileType = sourcecode.swift; path = ToDoListViewController.swift; sourceTree = "<group>"; };
		E253191F2C2C314E00270AEC /* Assets.xcassets */ = {isa = PBXFileReference; lastKnownFileType = folder.assetcatalog; path = Assets.xcassets; sourceTree = "<group>"; };
		E25319222C2C314E00270AEC /* Base */ = {isa = PBXFileReference; lastKnownFileType = file.storyboard; name = Base; path = Base.lproj/LaunchScreen.storyboard; sourceTree = "<group>"; };
		E25319242C2C314E00270AEC /* Info.plist */ = {isa = PBXFileReference; lastKnownFileType = text.plist.xml; path = Info.plist; sourceTree = "<group>"; };
		E25319302C2C68D100270AEC /* Tasks.xcdatamodel */ = {isa = PBXFileReference; lastKnownFileType = wrapper.xcdatamodel; path = Tasks.xcdatamodel; sourceTree = "<group>"; };
		E25319322C2C80EE00270AEC /* TaskViewModel.swift */ = {isa = PBXFileReference; lastKnownFileType = sourcecode.swift; path = TaskViewModel.swift; sourceTree = "<group>"; };
		E25319342C2C87D500270AEC /* TaskListViewModel.swift */ = {isa = PBXFileReference; lastKnownFileType = sourcecode.swift; path = TaskListViewModel.swift; sourceTree = "<group>"; };
		E25319362C2C982C00270AEC /* AddNewTaskViewModel.swift */ = {isa = PBXFileReference; lastKnownFileType = sourcecode.swift; path = AddNewTaskViewModel.swift; sourceTree = "<group>"; };
		E25319382C2D233B00270AEC /* CoreDataManager.swift */ = {isa = PBXFileReference; lastKnownFileType = sourcecode.swift; path = CoreDataManager.swift; sourceTree = "<group>"; };
		E253193A2C2D835B00270AEC /* AddNewTaskViewController.swift */ = {isa = PBXFileReference; lastKnownFileType = sourcecode.swift; path = AddNewTaskViewController.swift; sourceTree = "<group>"; };
		E253193C2C2DCF7400270AEC /* ToDoTableViewCell.swift */ = {isa = PBXFileReference; lastKnownFileType = sourcecode.swift; path = ToDoTableViewCell.swift; sourceTree = "<group>"; };
		E253193E2C2E014500270AEC /* SummaryTableViewCell.swift */ = {isa = PBXFileReference; lastKnownFileType = sourcecode.swift; path = SummaryTableViewCell.swift; sourceTree = "<group>"; };
/* End PBXFileReference section */

/* Begin PBXFrameworksBuildPhase section */
		E25319102C2C314C00270AEC /* Frameworks */ = {
			isa = PBXFrameworksBuildPhase;
			buildActionMask = 2147483647;
			files = (
			);
			runOnlyForDeploymentPostprocessing = 0;
		};
/* End PBXFrameworksBuildPhase section */

/* Begin PBXGroup section */
		E253190A2C2C314C00270AEC = {
			isa = PBXGroup;
			children = (
				E25319152C2C314C00270AEC /* TaskManager */,
				E25319142C2C314C00270AEC /* Products */,
			);
			sourceTree = "<group>";
		};
		E25319142C2C314C00270AEC /* Products */ = {
			isa = PBXGroup;
			children = (
				E25319132C2C314C00270AEC /* TaskManager.app */,
			);
			name = Products;
			sourceTree = "<group>";
		};
		E25319152C2C314C00270AEC /* TaskManager */ = {
			isa = PBXGroup;
			children = (
				E253192E2C2C646A00270AEC /* View */,
				E253192A2C2C611100270AEC /* ViewController */,
				E253192C2C2C63EE00270AEC /* ViewModels */,
				E253192D2C2C63FC00270AEC /* Resources */,
				E253192B2C2C631B00270AEC /* SystemFiles */,
			);
			path = TaskManager;
			sourceTree = "<group>";
		};
		E253192A2C2C611100270AEC /* ViewController */ = {
			isa = PBXGroup;
			children = (
				E253191A2C2C314C00270AEC /* ToDoListViewController.swift */,
				E253193A2C2D835B00270AEC /* AddNewTaskViewController.swift */,
			);
			path = ViewController;
			sourceTree = "<group>";
		};
		E253192B2C2C631B00270AEC /* SystemFiles */ = {
			isa = PBXGroup;
			children = (
				E25319182C2C314C00270AEC /* SceneDelegate.swift */,
				E253191F2C2C314E00270AEC /* Assets.xcassets */,
				E25319162C2C314C00270AEC /* AppDelegate.swift */,
				E25319242C2C314E00270AEC /* Info.plist */,
				E25319212C2C314E00270AEC /* LaunchScreen.storyboard */,
			);
			path = SystemFiles;
			sourceTree = "<group>";
		};
		E253192C2C2C63EE00270AEC /* ViewModels */ = {
			isa = PBXGroup;
			children = (
				E25319322C2C80EE00270AEC /* TaskViewModel.swift */,
				E25319342C2C87D500270AEC /* TaskListViewModel.swift */,
				E25319362C2C982C00270AEC /* AddNewTaskViewModel.swift */,
			);
			path = ViewModels;
			sourceTree = "<group>";
		};
		E253192D2C2C63FC00270AEC /* Resources */ = {
			isa = PBXGroup;
			children = (
				E253192F2C2C68D100270AEC /* Tasks.xcdatamodeld */,
				E25319382C2D233B00270AEC /* CoreDataManager.swift */,
			);
			path = Resources;
			sourceTree = "<group>";
		};
		E253192E2C2C646A00270AEC /* View */ = {
			isa = PBXGroup;
			children = (
				E253193C2C2DCF7400270AEC /* ToDoTableViewCell.swift */,
				E253193E2C2E014500270AEC /* SummaryTableViewCell.swift */,
			);
			path = View;
			sourceTree = "<group>";
		};
/* End PBXGroup section */

/* Begin PBXNativeTarget section */
		E25319122C2C314C00270AEC /* TaskManager */ = {
			isa = PBXNativeTarget;
			buildConfigurationList = E25319272C2C314E00270AEC /* Build configuration list for PBXNativeTarget "TaskManager" */;
			buildPhases = (
				E253190F2C2C314C00270AEC /* Sources */,
				E25319102C2C314C00270AEC /* Frameworks */,
				E25319112C2C314C00270AEC /* Resources */,
			);
			buildRules = (
			);
			dependencies = (
			);
			name = TaskManager;
			productName = TaskManager;
			productReference = E25319132C2C314C00270AEC /* TaskManager.app */;
			productType = "com.apple.product-type.application";
		};
/* End PBXNativeTarget section */

/* Begin PBXProject section */
		E253190B2C2C314C00270AEC /* Project object */ = {
			isa = PBXProject;
			attributes = {
				BuildIndependentTargetsInParallel = 1;
				LastSwiftUpdateCheck = 1530;
				LastUpgradeCheck = 1530;
				TargetAttributes = {
					E25319122C2C314C00270AEC = {
						CreatedOnToolsVersion = 15.3;
					};
				};
			};
			buildConfigurationList = E253190E2C2C314C00270AEC /* Build configuration list for PBXProject "TaskManager" */;
			compatibilityVersion = "Xcode 14.0";
			developmentRegion = en;
			hasScannedForEncodings = 0;
			knownRegions = (
				en,
				Base,
			);
			mainGroup = E253190A2C2C314C00270AEC;
			productRefGroup = E25319142C2C314C00270AEC /* Products */;
			projectDirPath = "";
			projectRoot = "";
			targets = (
				E25319122C2C314C00270AEC /* TaskManager */,
			);
		};
/* End PBXProject section */

/* Begin PBXResourcesBuildPhase section */
		E25319112C2C314C00270AEC /* Resources */ = {
			isa = PBXResourcesBuildPhase;
			buildActionMask = 2147483647;
			files = (
				E25319202C2C314E00270AEC /* Assets.xcassets in Resources */,
				E25319232C2C314E00270AEC /* Base in Resources */,
			);
			runOnlyForDeploymentPostprocessing = 0;
		};
/* End PBXResourcesBuildPhase section */

/* Begin PBXSourcesBuildPhase section */
		E253190F2C2C314C00270AEC /* Sources */ = {
			isa = PBXSourcesBuildPhase;
			buildActionMask = 2147483647;
			files = (
				E25319312C2C68D100270AEC /* Tasks.xcdatamodeld in Sources */,
				E25319372C2C982C00270AEC /* AddNewTaskViewModel.swift in Sources */,
				E253191B2C2C314C00270AEC /* ToDoListViewController.swift in Sources */,
				E25319172C2C314C00270AEC /* AppDelegate.swift in Sources */,
				E25319332C2C80EE00270AEC /* TaskViewModel.swift in Sources */,
				E25319192C2C314C00270AEC /* SceneDelegate.swift in Sources */,
				E253193F2C2E014500270AEC /* SummaryTableViewCell.swift in Sources */,
				E25319392C2D233B00270AEC /* CoreDataManager.swift in Sources */,
				E253193B2C2D835B00270AEC /* AddNewTaskViewController.swift in Sources */,
				E25319352C2C87D500270AEC /* TaskListViewModel.swift in Sources */,
				E253193D2C2DCF7400270AEC /* ToDoTableViewCell.swift in Sources */,
			);
			runOnlyForDeploymentPostprocessing = 0;
		};
/* End PBXSourcesBuildPhase section */

/* Begin PBXVariantGroup section */
		E25319212C2C314E00270AEC /* LaunchScreen.storyboard */ = {
			isa = PBXVariantGroup;
			children = (
				E25319222C2C314E00270AEC /* Base */,
			);
			name = LaunchScreen.storyboard;
			sourceTree = "<group>";
		};
/* End PBXVariantGroup section */

/* Begin XCBuildConfiguration section */
		E25319252C2C314E00270AEC /* Debug */ = {
			isa = XCBuildConfiguration;
			buildSettings = {
				ALWAYS_SEARCH_USER_PATHS = NO;
				ASSETCATALOG_COMPILER_GENERATE_SWIFT_ASSET_SYMBOL_EXTENSIONS = YES;
				CLANG_ANALYZER_NONNULL = YES;
				CLANG_ANALYZER_NUMBER_OBJECT_CONVERSION = YES_AGGRESSIVE;
				CLANG_CXX_LANGUAGE_STANDARD = "gnu++20";
				CLANG_ENABLE_MODULES = YES;
				CLANG_ENABLE_OBJC_ARC = YES;
				CLANG_ENABLE_OBJC_WEAK = YES;
				CLANG_WARN_BLOCK_CAPTURE_AUTORELEASING = YES;
				CLANG_WARN_BOOL_CONVERSION = YES;
				CLANG_WARN_COMMA = YES;
				CLANG_WARN_CONSTANT_CONVERSION = YES;
				CLANG_WARN_DEPRECATED_OBJC_IMPLEMENTATIONS = YES;
				CLANG_WARN_DIRECT_OBJC_ISA_USAGE = YES_ERROR;
				CLANG_WARN_DOCUMENTATION_COMMENTS = YES;
				CLANG_WARN_EMPTY_BODY = YES;
				CLANG_WARN_ENUM_CONVERSION = YES;
				CLANG_WARN_INFINITE_RECURSION = YES;
				CLANG_WARN_INT_CONVERSION = YES;
				CLANG_WARN_NON_LITERAL_NULL_CONVERSION = YES;
				CLANG_WARN_OBJC_IMPLICIT_RETAIN_SELF = YES;
				CLANG_WARN_OBJC_LITERAL_CONVERSION = YES;
				CLANG_WARN_OBJC_ROOT_CLASS = YES_ERROR;
				CLANG_WARN_QUOTED_INCLUDE_IN_FRAMEWORK_HEADER = YES;
				CLANG_WARN_RANGE_LOOP_ANALYSIS = YES;
				CLANG_WARN_STRICT_PROTOTYPES = YES;
				CLANG_WARN_SUSPICIOUS_MOVE = YES;
				CLANG_WARN_UNGUARDED_AVAILABILITY = YES_AGGRESSIVE;
				CLANG_WARN_UNREACHABLE_CODE = YES;
				CLANG_WARN__DUPLICATE_METHOD_MATCH = YES;
				COPY_PHASE_STRIP = NO;
				DEBUG_INFORMATION_FORMAT = dwarf;
				ENABLE_STRICT_OBJC_MSGSEND = YES;
				ENABLE_TESTABILITY = YES;
				ENABLE_USER_SCRIPT_SANDBOXING = YES;
				GCC_C_LANGUAGE_STANDARD = gnu17;
				GCC_DYNAMIC_NO_PIC = NO;
				GCC_NO_COMMON_BLOCKS = YES;
				GCC_OPTIMIZATION_LEVEL = 0;
				GCC_PREPROCESSOR_DEFINITIONS = (
					"DEBUG=1",
					"$(inherited)",
				);
				GCC_WARN_64_TO_32_BIT_CONVERSION = YES;
				GCC_WARN_ABOUT_RETURN_TYPE = YES_ERROR;
				GCC_WARN_UNDECLARED_SELECTOR = YES;
				GCC_WARN_UNINITIALIZED_AUTOS = YES_AGGRESSIVE;
				GCC_WARN_UNUSED_FUNCTION = YES;
				GCC_WARN_UNUSED_VARIABLE = YES;
				IPHONEOS_DEPLOYMENT_TARGET = 17.4;
				LOCALIZATION_PREFERS_STRING_CATALOGS = YES;
				MTL_ENABLE_DEBUG_INFO = INCLUDE_SOURCE;
				MTL_FAST_MATH = YES;
				ONLY_ACTIVE_ARCH = YES;
				SDKROOT = iphoneos;
				SWIFT_ACTIVE_COMPILATION_CONDITIONS = "DEBUG $(inherited)";
				SWIFT_OPTIMIZATION_LEVEL = "-Onone";
			};
			name = Debug;
		};
		E25319262C2C314E00270AEC /* Release */ = {
			isa = XCBuildConfiguration;
			buildSettings = {
				ALWAYS_SEARCH_USER_PATHS = NO;
				ASSETCATALOG_COMPILER_GENERATE_SWIFT_ASSET_SYMBOL_EXTENSIONS = YES;
				CLANG_ANALYZER_NONNULL = YES;
				CLANG_ANALYZER_NUMBER_OBJECT_CONVERSION = YES_AGGRESSIVE;
				CLANG_CXX_LANGUAGE_STANDARD = "gnu++20";
				CLANG_ENABLE_MODULES = YES;
				CLANG_ENABLE_OBJC_ARC = YES;
				CLANG_ENABLE_OBJC_WEAK = YES;
				CLANG_WARN_BLOCK_CAPTURE_AUTORELEASING = YES;
				CLANG_WARN_BOOL_CONVERSION = YES;
				CLANG_WARN_COMMA = YES;
				CLANG_WARN_CONSTANT_CONVERSION = YES;
				CLANG_WARN_DEPRECATED_OBJC_IMPLEMENTATIONS = YES;
				CLANG_WARN_DIRECT_OBJC_ISA_USAGE = YES_ERROR;
				CLANG_WARN_DOCUMENTATION_COMMENTS = YES;
				CLANG_WARN_EMPTY_BODY = YES;
				CLANG_WARN_ENUM_CONVERSION = YES;
				CLANG_WARN_INFINITE_RECURSION = YES;
				CLANG_WARN_INT_CONVERSION = YES;
				CLANG_WARN_NON_LITERAL_NULL_CONVERSION = YES;
				CLANG_WARN_OBJC_IMPLICIT_RETAIN_SELF = YES;
				CLANG_WARN_OBJC_LITERAL_CONVERSION = YES;
				CLANG_WARN_OBJC_ROOT_CLASS = YES_ERROR;
				CLANG_WARN_QUOTED_INCLUDE_IN_FRAMEWORK_HEADER = YES;
				CLANG_WARN_RANGE_LOOP_ANALYSIS = YES;
				CLANG_WARN_STRICT_PROTOTYPES = YES;
				CLANG_WARN_SUSPICIOUS_MOVE = YES;
				CLANG_WARN_UNGUARDED_AVAILABILITY = YES_AGGRESSIVE;
				CLANG_WARN_UNREACHABLE_CODE = YES;
				CLANG_WARN__DUPLICATE_METHOD_MATCH = YES;
				COPY_PHASE_STRIP = NO;
				DEBUG_INFORMATION_FORMAT = "dwarf-with-dsym";
				ENABLE_NS_ASSERTIONS = NO;
				ENABLE_STRICT_OBJC_MSGSEND = YES;
				ENABLE_USER_SCRIPT_SANDBOXING = YES;
				GCC_C_LANGUAGE_STANDARD = gnu17;
				GCC_NO_COMMON_BLOCKS = YES;
				GCC_WARN_64_TO_32_BIT_CONVERSION = YES;
				GCC_WARN_ABOUT_RETURN_TYPE = YES_ERROR;
				GCC_WARN_UNDECLARED_SELECTOR = YES;
				GCC_WARN_UNINITIALIZED_AUTOS = YES_AGGRESSIVE;
				GCC_WARN_UNUSED_FUNCTION = YES;
				GCC_WARN_UNUSED_VARIABLE = YES;
				IPHONEOS_DEPLOYMENT_TARGET = 17.4;
				LOCALIZATION_PREFERS_STRING_CATALOGS = YES;
				MTL_ENABLE_DEBUG_INFO = NO;
				MTL_FAST_MATH = YES;
				SDKROOT = iphoneos;
				SWIFT_COMPILATION_MODE = wholemodule;
				VALIDATE_PRODUCT = YES;
			};
			name = Release;
		};
		E25319282C2C314E00270AEC /* Debug */ = {
			isa = XCBuildConfiguration;
			buildSettings = {
				ASSETCATALOG_COMPILER_APPICON_NAME = AppIcon;
				ASSETCATALOG_COMPILER_GLOBAL_ACCENT_COLOR_NAME = AccentColor;
				CODE_SIGN_STYLE = Automatic;
				CURRENT_PROJECT_VERSION = 1;
				DEVELOPMENT_TEAM = 6P4M8YQN8F;
				GENERATE_INFOPLIST_FILE = YES;
				INFOPLIST_FILE = TaskManager/SystemFiles/Info.plist;
				INFOPLIST_KEY_UIApplicationSupportsIndirectInputEvents = YES;
				INFOPLIST_KEY_UILaunchStoryboardName = LaunchScreen;
				INFOPLIST_KEY_UISupportedInterfaceOrientations_iPad = "UIInterfaceOrientationPortrait UIInterfaceOrientationPortraitUpsideDown UIInterfaceOrientationLandscapeLeft UIInterfaceOrientationLandscapeRight";
				INFOPLIST_KEY_UISupportedInterfaceOrientations_iPhone = "UIInterfaceOrientationPortrait UIInterfaceOrientationLandscapeLeft UIInterfaceOrientationLandscapeRight";
				LD_RUNPATH_SEARCH_PATHS = (
					"$(inherited)",
					"@executable_path/Frameworks",
				);
				MARKETING_VERSION = 1.0;
				PRODUCT_BUNDLE_IDENTIFIER = iOSDevteam.TaskManager;
				PRODUCT_NAME = "$(TARGET_NAME)";
				SWIFT_EMIT_LOC_STRINGS = YES;
				SWIFT_VERSION = 5.0;
				TARGETED_DEVICE_FAMILY = "1,2";
			};
			name = Debug;
		};
		E25319292C2C314E00270AEC /* Release */ = {
			isa = XCBuildConfiguration;
			buildSettings = {
				ASSETCATALOG_COMPILER_APPICON_NAME = AppIcon;
				ASSETCATALOG_COMPILER_GLOBAL_ACCENT_COLOR_NAME = AccentColor;
				CODE_SIGN_STYLE = Automatic;
				CURRENT_PROJECT_VERSION = 1;
				DEVELOPMENT_TEAM = 6P4M8YQN8F;
				GENERATE_INFOPLIST_FILE = YES;
				INFOPLIST_FILE = TaskManager/SystemFiles/Info.plist;
				INFOPLIST_KEY_UIApplicationSupportsIndirectInputEvents = YES;
				INFOPLIST_KEY_UILaunchStoryboardName = LaunchScreen;
				INFOPLIST_KEY_UISupportedInterfaceOrientations_iPad = "UIInterfaceOrientationPortrait UIInterfaceOrientationPortraitUpsideDown UIInterfaceOrientationLandscapeLeft UIInterfaceOrientationLandscapeRight";
				INFOPLIST_KEY_UISupportedInterfaceOrientations_iPhone = "UIInterfaceOrientationPortrait UIInterfaceOrientationLandscapeLeft UIInterfaceOrientationLandscapeRight";
				LD_RUNPATH_SEARCH_PATHS = (
					"$(inherited)",
					"@executable_path/Frameworks",
				);
				MARKETING_VERSION = 1.0;
				PRODUCT_BUNDLE_IDENTIFIER = iOSDevteam.TaskManager;
				PRODUCT_NAME = "$(TARGET_NAME)";
				SWIFT_EMIT_LOC_STRINGS = YES;
				SWIFT_VERSION = 5.0;
				TARGETED_DEVICE_FAMILY = "1,2";
			};
			name = Release;
		};
/* End XCBuildConfiguration section */

/* Begin XCConfigurationList section */
		E253190E2C2C314C00270AEC /* Build configuration list for PBXProject "TaskManager" */ = {
			isa = XCConfigurationList;
			buildConfigurations = (
				E25319252C2C314E00270AEC /* Debug */,
				E25319262C2C314E00270AEC /* Release */,
			);
			defaultConfigurationIsVisible = 0;
			defaultConfigurationName = Release;
		};
		E25319272C2C314E00270AEC /* Build configuration list for PBXNativeTarget "TaskManager" */ = {
			isa = XCConfigurationList;
			buildConfigurations = (
				E25319282C2C314E00270AEC /* Debug */,
				E25319292C2C314E00270AEC /* Release */,
			);
			defaultConfigurationIsVisible = 0;
			defaultConfigurationName = Release;
		};
/* End XCConfigurationList section */

/* Begin XCVersionGroup section */
		E253192F2C2C68D100270AEC /* Tasks.xcdatamodeld */ = {
			isa = XCVersionGroup;
			children = (
				E25319302C2C68D100270AEC /* Tasks.xcdatamodel */,
			);
			currentVersion = E25319302C2C68D100270AEC /* Tasks.xcdatamodel */;
			name = Tasks.xcdatamodeld;
			path = /Users/mdomarfaruq/Desktop/iOSDevelopment/TaskManager/TaskManager/Resources/Tasks.xcdatamodeld;
			sourceTree = "<group>";
			versionGroupType = wrapper.xcdatamodel;
		};
/* End XCVersionGroup section */
	};
	rootObject = E253190B2C2C314C00270AEC /* Project object */;
}
